
Microsoft Visual Studio Solution File, Format Version 12.00
# Visual Studio 15
Project("{FAE04EC0-301F-11D3-BF4B-00C04F79EFBC}") = "BMI", "BMI\BMI.csproj", "{89DE590D-D81F-4CA6-A934-FC6CAB19BCE6}"
EndProject
Global
	GlobalSection(SolutionConfigurationPlatforms) = preSolution
		Debug|x86 = Debug|x86
		Release|x86 = Release|x86
	EndGlobalSection
	GlobalSection(ProjectConfigurationPlatforms) = postSolution
		{89DE590D-D81F-4CA6-A934-FC6CAB19BCE6}.Debug|x86.ActiveCfg = Debug|x86
		{89DE590D-D81F-4CA6-A934-FC6CAB19BCE6}.Debug|x86.Build.0 = Debug|x86
		{89DE590D-D81F-4CA6-A934-FC6CAB19BCE6}.Release|x86.ActiveCfg = Release|x86
		{89DE590D-D81F-4CA6-A934-FC6CAB19BCE6}.Release|x86.Build.0 = Release|x86
	EndGlobalSection
EndGlobal
